
Microsoft Visual Studio Solution File, Format Version 12.00
# Visual Studio Version 17
VisualStudioVersion = 17.7.34031.279
MinimumVisualStudioVersion = 10.0.40219.1
Project("{FAE04EC0-301F-11D3-BF4B-00C04F79EFBC}") = "BlazorTODO", "BlazorTODO\BlazorTODO.csproj", "{D4934695-5462-4BEF-B999-3C3A3C3B5E31}"
EndProject
Global
	GlobalSection(SolutionConfigurationPlatforms) = preSolution
		Debug|Any CPU = Debug|Any CPU
		Release|Any CPU = Release|Any CPU
	EndGlobalSection
	GlobalSection(ProjectConfigurationPlatforms) = postSolution
		{D4934695-5462-4BEF-B999-3C3A3C3B5E31}.Debug|Any CPU.ActiveCfg = Debug|Any CPU
		{D4934695-5462-4BEF-B999-3C3A3C3B5E31}.Debug|Any CPU.Build.0 = Debug|Any CPU
		{D4934695-5462-4BEF-B999-3C3A3C3B5E31}.Release|Any CPU.ActiveCfg = Release|Any CPU
		{D4934695-5462-4BEF-B999-3C3A3C3B5E31}.Release|Any CPU.Build.0 = Release|Any CPU
	EndGlobalSection
	GlobalSection(SolutionProperties) = preSolution
		HideSolutionNode = FALSE
	EndGlobalSection
	GlobalSection(ExtensibilityGlobals) = postSolution
		SolutionGuid = {2F32BAF6-453D-4A4F-AD02-8FC80AFAC9E0}
	EndGlobalSection
EndGlobal
