
Microsoft Visual Studio Solution File, Format Version 12.00
# Visual Studio Version 17
VisualStudioVersion = 17.7.34031.279
MinimumVisualStudioVersion = 10.0.40219.1
Project("{FAE04EC0-301F-11D3-BF4B-00C04F79EFBC}") = "Labos1", "Labos1\Labos1.csproj", "{4D87E3B6-7CB2-4D39-80F2-8318DE25D51B}"
EndProject
Global
	GlobalSection(SolutionConfigurationPlatforms) = preSolution
		Debug|Any CPU = Debug|Any CPU
		Release|Any CPU = Release|Any CPU
	EndGlobalSection
	GlobalSection(ProjectConfigurationPlatforms) = postSolution
		{4D87E3B6-7CB2-4D39-80F2-8318DE25D51B}.Debug|Any CPU.ActiveCfg = Debug|Any CPU
		{4D87E3B6-7CB2-4D39-80F2-8318DE25D51B}.Debug|Any CPU.Build.0 = Debug|Any CPU
		{4D87E3B6-7CB2-4D39-80F2-8318DE25D51B}.Release|Any CPU.ActiveCfg = Release|Any CPU
		{4D87E3B6-7CB2-4D39-80F2-8318DE25D51B}.Release|Any CPU.Build.0 = Release|Any CPU
	EndGlobalSection
	GlobalSection(SolutionProperties) = preSolution
		HideSolutionNode = FALSE
	EndGlobalSection
	GlobalSection(ExtensibilityGlobals) = postSolution
		SolutionGuid = {420EE95B-9E63-4582-A9D3-9292B8DE8930}
	EndGlobalSection
EndGlobal
