
Microsoft Visual Studio Solution File, Format Version 12.00
# Visual Studio Version 17
VisualStudioVersion = 17.7.34031.279
MinimumVisualStudioVersion = 10.0.40219.1
Project("{FAE04EC0-301F-11D3-BF4B-00C04F79EFBC}") = "MVCLibrary", "MVCLibrary\MVCLibrary.csproj", "{24E62C71-C004-4E21-A840-E825167F14CF}"
EndProject
Global
	GlobalSection(SolutionConfigurationPlatforms) = preSolution
		Debug|Any CPU = Debug|Any CPU
		Release|Any CPU = Release|Any CPU
	EndGlobalSection
	GlobalSection(ProjectConfigurationPlatforms) = postSolution
		{24E62C71-C004-4E21-A840-E825167F14CF}.Debug|Any CPU.ActiveCfg = Debug|Any CPU
		{24E62C71-C004-4E21-A840-E825167F14CF}.Debug|Any CPU.Build.0 = Debug|Any CPU
		{24E62C71-C004-4E21-A840-E825167F14CF}.Release|Any CPU.ActiveCfg = Release|Any CPU
		{24E62C71-C004-4E21-A840-E825167F14CF}.Release|Any CPU.Build.0 = Release|Any CPU
	EndGlobalSection
	GlobalSection(SolutionProperties) = preSolution
		HideSolutionNode = FALSE
	EndGlobalSection
	GlobalSection(ExtensibilityGlobals) = postSolution
		SolutionGuid = {74F839BB-809D-40A6-B5D6-6B7D52D300C2}
	EndGlobalSection
EndGlobal
