
Microsoft Visual Studio Solution File, Format Version 12.00
# Visual Studio Version 17
VisualStudioVersion = 17.7.34031.279
MinimumVisualStudioVersion = 10.0.40219.1
Project("{FAE04EC0-301F-11D3-BF4B-00C04F79EFBC}") = "WebFormsProjekt", "WebFormsProjekt\WebFormsProjekt.csproj", "{A3902D45-514B-4461-B1D4-1D6659B760B5}"
EndProject
Project("{FAE04EC0-301F-11D3-BF4B-00C04F79EFBC}") = "ADONETProjekt", "ADONETProjekt\ADONETProjekt.csproj", "{2E42685A-0FA8-424F-8B06-4DE8713CED71}"
EndProject
Global
	GlobalSection(SolutionConfigurationPlatforms) = preSolution
		Debug|Any CPU = Debug|Any CPU
		Release|Any CPU = Release|Any CPU
	EndGlobalSection
	GlobalSection(ProjectConfigurationPlatforms) = postSolution
		{A3902D45-514B-4461-B1D4-1D6659B760B5}.Debug|Any CPU.ActiveCfg = Debug|Any CPU
		{A3902D45-514B-4461-B1D4-1D6659B760B5}.Debug|Any CPU.Build.0 = Debug|Any CPU
		{A3902D45-514B-4461-B1D4-1D6659B760B5}.Release|Any CPU.ActiveCfg = Release|Any CPU
		{A3902D45-514B-4461-B1D4-1D6659B760B5}.Release|Any CPU.Build.0 = Release|Any CPU
		{2E42685A-0FA8-424F-8B06-4DE8713CED71}.Debug|Any CPU.ActiveCfg = Debug|Any CPU
		{2E42685A-0FA8-424F-8B06-4DE8713CED71}.Debug|Any CPU.Build.0 = Debug|Any CPU
		{2E42685A-0FA8-424F-8B06-4DE8713CED71}.Release|Any CPU.ActiveCfg = Release|Any CPU
		{2E42685A-0FA8-424F-8B06-4DE8713CED71}.Release|Any CPU.Build.0 = Release|Any CPU
	EndGlobalSection
	GlobalSection(SolutionProperties) = preSolution
		HideSolutionNode = FALSE
	EndGlobalSection
	GlobalSection(ExtensibilityGlobals) = postSolution
		SolutionGuid = {6E575248-81C4-4D5A-ABAC-85729B8B69FA}
	EndGlobalSection
EndGlobal
